
Microsoft Visual Studio Solution File, Format Version 12.00
# Visual Studio 15
VisualStudioVersion = 15.0.28010.2016
MinimumVisualStudioVersion = 10.0.40219.1
Project("{FAE04EC0-301F-11D3-BF4B-00C04F79EFBC}") = "CampusRestaurantManager", "CampusRestaurantManager\CampusRestaurantManager.csproj", "{5FA1071D-1D4E-451D-97DE-FB849CA9F559}"
EndProject
Global
	GlobalSection(SolutionConfigurationPlatforms) = preSolution
		Debug|Any CPU = Debug|Any CPU
		Release|Any CPU = Release|Any CPU
	EndGlobalSection
	GlobalSection(ProjectConfigurationPlatforms) = postSolution
		{5FA1071D-1D4E-451D-97DE-FB849CA9F559}.Debug|Any CPU.ActiveCfg = Debug|Any CPU
		{5FA1071D-1D4E-451D-97DE-FB849CA9F559}.Debug|Any CPU.Build.0 = Debug|Any CPU
		{5FA1071D-1D4E-451D-97DE-FB849CA9F559}.Release|Any CPU.ActiveCfg = Release|Any CPU
		{5FA1071D-1D4E-451D-97DE-FB849CA9F559}.Release|Any CPU.Build.0 = Release|Any CPU
	EndGlobalSection
	GlobalSection(SolutionProperties) = preSolution
		HideSolutionNode = FALSE
	EndGlobalSection
	GlobalSection(ExtensibilityGlobals) = postSolution
		SolutionGuid = {BAB225DF-D5E5-48DF-ABC7-C1A887F5C2F2}
	EndGlobalSection
EndGlobal
